// !$*UTF8*$!
{
	archiveVersion = 1;
	classes = {
	};
	objectVersion = 50;
	objects = {

/* Begin PBXBuildFile section */
		2012231524618744009C888D /* SummaryTableViewCell.swift in Sources */ = {isa = PBXBuildFile; fileRef = 2012231424618744009C888D /* SummaryTableViewCell.swift */; };
		2012231724618760009C888D /* ForecastTableViewCell.swift in Sources */ = {isa = PBXBuildFile; fileRef = 2012231624618760009C888D /* ForecastTableViewCell.swift */; };
		208E3378245DB4690057DEA4 /* Common.swift in Sources */ = {isa = PBXBuildFile; fileRef = 208E3377245DB4690057DEA4 /* Common.swift */; };
		20B39BB7246443C5008BB7D0 /* WeatherSummary.swift in Sources */ = {isa = PBXBuildFile; fileRef = 20B39BB6246443C5008BB7D0 /* WeatherSummary.swift */; };
		20B39BB92464442C008BB7D0 /* Forecast.swift in Sources */ = {isa = PBXBuildFile; fileRef = 20B39BB82464442C008BB7D0 /* Forecast.swift */; };
		20B39BBB24644527008BB7D0 /* WeatherDataSource.swift in Sources */ = {isa = PBXBuildFile; fileRef = 20B39BBA24644527008BB7D0 /* WeatherDataSource.swift */; };
		20D089F72466ACEF008776BA /* UIViewController+Alert.swift in Sources */ = {isa = PBXBuildFile; fileRef = 20D089F62466ACEF008776BA /* UIViewController+Alert.swift */; };
		20E6D1E9245DB01900C375A3 /* AppDelegate.swift in Sources */ = {isa = PBXBuildFile; fileRef = 20E6D1E8245DB01900C375A3 /* AppDelegate.swift */; };
		20E6D1EB245DB01900C375A3 /* SceneDelegate.swift in Sources */ = {isa = PBXBuildFile; fileRef = 20E6D1EA245DB01900C375A3 /* SceneDelegate.swift */; };
		20E6D1ED245DB01900C375A3 /* ViewController.swift in Sources */ = {isa = PBXBuildFile; fileRef = 20E6D1EC245DB01900C375A3 /* ViewController.swift */; };
		20E6D1F0245DB01900C375A3 /* Main.storyboard in Resources */ = {isa = PBXBuildFile; fileRef = 20E6D1EE245DB01900C375A3 /* Main.storyboard */; };
		20E6D1F2245DB01A00C375A3 /* Assets.xcassets in Resources */ = {isa = PBXBuildFile; fileRef = 20E6D1F1245DB01A00C375A3 /* Assets.xcassets */; };
		20E6D1F5245DB01A00C375A3 /* LaunchScreen.storyboard in Resources */ = {isa = PBXBuildFile; fileRef = 20E6D1F3245DB01A00C375A3 /* LaunchScreen.storyboard */; };
/* End PBXBuildFile section */

/* Begin PBXFileReference section */
		2012231424618744009C888D /* SummaryTableViewCell.swift */ = {isa = PBXFileReference; lastKnownFileType = sourcecode.swift; path = SummaryTableViewCell.swift; sourceTree = "<group>"; };
		2012231624618760009C888D /* ForecastTableViewCell.swift */ = {isa = PBXFileReference; lastKnownFileType = sourcecode.swift; path = ForecastTableViewCell.swift; sourceTree = "<group>"; };
		201AD0A624643B86009BBEFE /* ForecastApi.playground */ = {isa = PBXFileReference; lastKnownFileType = file.playground; path = ForecastApi.playground; sourceTree = "<group>"; xcLanguageSpecificationIdentifier = xcode.lang.swift; };
		204C13942466D8D500058D6A /* 강남역.gpx */ = {isa = PBXFileReference; lastKnownFileType = text.xml; path = "강남역.gpx"; sourceTree = "<group>"; };
		204C13952466DAB000058D6A /* 강릉항.gpx */ = {isa = PBXFileReference; lastKnownFileType = text.xml; path = "강릉항.gpx"; sourceTree = "<group>"; };
		204C13962466DABE00058D6A /* 제주공항.gpx */ = {isa = PBXFileReference; lastKnownFileType = text.xml; path = "제주공항.gpx"; sourceTree = "<group>"; };
		204C13972466DAD200058D6A /* 광안리.gpx */ = {isa = PBXFileReference; lastKnownFileType = text.xml; path = "광안리.gpx"; sourceTree = "<group>"; };
		204C13982466DADF00058D6A /* 금남로.gpx */ = {isa = PBXFileReference; lastKnownFileType = text.xml; path = "금남로.gpx"; sourceTree = "<group>"; };
		204C13992466DAEA00058D6A /* 동성로.gpx */ = {isa = PBXFileReference; lastKnownFileType = text.xml; path = "동성로.gpx"; sourceTree = "<group>"; };
		2074722624619F480015A026 /* SummaryApi.playground */ = {isa = PBXFileReference; lastKnownFileType = file.playground; path = SummaryApi.playground; sourceTree = "<group>"; xcLanguageSpecificationIdentifier = xcode.lang.swift; };
		208E3377245DB4690057DEA4 /* Common.swift */ = {isa = PBXFileReference; lastKnownFileType = sourcecode.swift; path = Common.swift; sourceTree = "<group>"; };
		20B39BB6246443C5008BB7D0 /* WeatherSummary.swift */ = {isa = PBXFileReference; lastKnownFileType = sourcecode.swift; path = WeatherSummary.swift; sourceTree = "<group>"; };
		20B39BB82464442C008BB7D0 /* Forecast.swift */ = {isa = PBXFileReference; lastKnownFileType = sourcecode.swift; path = Forecast.swift; sourceTree = "<group>"; };
		20B39BBA24644527008BB7D0 /* WeatherDataSource.swift */ = {isa = PBXFileReference; lastKnownFileType = sourcecode.swift; path = WeatherDataSource.swift; sourceTree = "<group>"; };
		20D089F62466ACEF008776BA /* UIViewController+Alert.swift */ = {isa = PBXFileReference; lastKnownFileType = sourcecode.swift; path = "UIViewController+Alert.swift"; sourceTree = "<group>"; };
		20E6D1E5245DB01900C375A3 /* SkAPIweatherApp.app */ = {isa = PBXFileReference; explicitFileType = wrapper.application; includeInIndex = 0; path = SkAPIweatherApp.app; sourceTree = BUILT_PRODUCTS_DIR; };
		20E6D1E8245DB01900C375A3 /* AppDelegate.swift */ = {isa = PBXFileReference; lastKnownFileType = sourcecode.swift; path = AppDelegate.swift; sourceTree = "<group>"; };
		20E6D1EA245DB01900C375A3 /* SceneDelegate.swift */ = {isa = PBXFileReference; lastKnownFileType = sourcecode.swift; path = SceneDelegate.swift; sourceTree = "<group>"; };
		20E6D1EC245DB01900C375A3 /* ViewController.swift */ = {isa = PBXFileReference; lastKnownFileType = sourcecode.swift; path = ViewController.swift; sourceTree = "<group>"; };
		20E6D1EF245DB01900C375A3 /* Base */ = {isa = PBXFileReference; lastKnownFileType = file.storyboard; name = Base; path = Base.lproj/Main.storyboard; sourceTree = "<group>"; };
		20E6D1F1245DB01A00C375A3 /* Assets.xcassets */ = {isa = PBXFileReference; lastKnownFileType = folder.assetcatalog; path = Assets.xcassets; sourceTree = "<group>"; };
		20E6D1F4245DB01A00C375A3 /* Base */ = {isa = PBXFileReference; lastKnownFileType = file.storyboard; name = Base; path = Base.lproj/LaunchScreen.storyboard; sourceTree = "<group>"; };
		20E6D1F6245DB01A00C375A3 /* Info.plist */ = {isa = PBXFileReference; lastKnownFileType = text.plist.xml; path = Info.plist; sourceTree = "<group>"; };
/* End PBXFileReference section */

/* Begin PBXFrameworksBuildPhase section */
		20E6D1E2245DB01900C375A3 /* Frameworks */ = {
			isa = PBXFrameworksBuildPhase;
			buildActionMask = 2147483647;
			files = (
			);
			runOnlyForDeploymentPostprocessing = 0;
		};
/* End PBXFrameworksBuildPhase section */

/* Begin PBXGroup section */
		2012231324618723009C888D /* Cell */ = {
			isa = PBXGroup;
			children = (
				2012231424618744009C888D /* SummaryTableViewCell.swift */,
				2012231624618760009C888D /* ForecastTableViewCell.swift */,
			);
			path = Cell;
			sourceTree = "<group>";
		};
		204C13932466D8C300058D6A /* Location */ = {
			isa = PBXGroup;
			children = (
				204C13942466D8D500058D6A /* 강남역.gpx */,
				204C13992466DAEA00058D6A /* 동성로.gpx */,
				204C13982466DADF00058D6A /* 금남로.gpx */,
				204C13972466DAD200058D6A /* 광안리.gpx */,
				204C13952466DAB000058D6A /* 강릉항.gpx */,
				204C13962466DABE00058D6A /* 제주공항.gpx */,
			);
			path = Location;
			sourceTree = "<group>";
		};
		2074722524619F370015A026 /* API */ = {
			isa = PBXGroup;
			children = (
				2074722624619F480015A026 /* SummaryApi.playground */,
				201AD0A624643B86009BBEFE /* ForecastApi.playground */,
			);
			path = API;
			sourceTree = "<group>";
		};
		20B39BB5246443B1008BB7D0 /* Model */ = {
			isa = PBXGroup;
			children = (
				20B39BB6246443C5008BB7D0 /* WeatherSummary.swift */,
				20B39BB82464442C008BB7D0 /* Forecast.swift */,
				20B39BBA24644527008BB7D0 /* WeatherDataSource.swift */,
			);
			path = Model;
			sourceTree = "<group>";
		};
		20D089F52466ACD3008776BA /* Extension */ = {
			isa = PBXGroup;
			children = (
				20D089F62466ACEF008776BA /* UIViewController+Alert.swift */,
			);
			path = Extension;
			sourceTree = "<group>";
		};
		20E6D1DC245DB01900C375A3 = {
			isa = PBXGroup;
			children = (
				20E6D1E7245DB01900C375A3 /* SkAPIweatherApp */,
				20E6D1E6245DB01900C375A3 /* Products */,
			);
			sourceTree = "<group>";
		};
		20E6D1E6245DB01900C375A3 /* Products */ = {
			isa = PBXGroup;
			children = (
				20E6D1E5245DB01900C375A3 /* SkAPIweatherApp.app */,
			);
			name = Products;
			sourceTree = "<group>";
		};
		20E6D1E7245DB01900C375A3 /* SkAPIweatherApp */ = {
			isa = PBXGroup;
			children = (
				204C13932466D8C300058D6A /* Location */,
				20D089F52466ACD3008776BA /* Extension */,
				20B39BB5246443B1008BB7D0 /* Model */,
				2074722524619F370015A026 /* API */,
				2012231324618723009C888D /* Cell */,
				20E6D1E8245DB01900C375A3 /* AppDelegate.swift */,
				20E6D1EA245DB01900C375A3 /* SceneDelegate.swift */,
				20E6D1EC245DB01900C375A3 /* ViewController.swift */,
				20E6D1EE245DB01900C375A3 /* Main.storyboard */,
				20E6D1F1245DB01A00C375A3 /* Assets.xcassets */,
				20E6D1F3245DB01A00C375A3 /* LaunchScreen.storyboard */,
				20E6D1F6245DB01A00C375A3 /* Info.plist */,
				208E3377245DB4690057DEA4 /* Common.swift */,
			);
			path = SkAPIweatherApp;
			sourceTree = "<group>";
		};
/* End PBXGroup section */

/* Begin PBXNativeTarget section */
		20E6D1E4245DB01900C375A3 /* SkAPIweatherApp */ = {
			isa = PBXNativeTarget;
			buildConfigurationList = 20E6D1F9245DB01A00C375A3 /* Build configuration list for PBXNativeTarget "SkAPIweatherApp" */;
			buildPhases = (
				20E6D1E1245DB01900C375A3 /* Sources */,
				20E6D1E2245DB01900C375A3 /* Frameworks */,
				20E6D1E3245DB01900C375A3 /* Resources */,
			);
			buildRules = (
			);
			dependencies = (
			);
			name = SkAPIweatherApp;
			productName = SkAPIweatherApp;
			productReference = 20E6D1E5245DB01900C375A3 /* SkAPIweatherApp.app */;
			productType = "com.apple.product-type.application";
		};
/* End PBXNativeTarget section */

/* Begin PBXProject section */
		20E6D1DD245DB01900C375A3 /* Project object */ = {
			isa = PBXProject;
			attributes = {
				LastSwiftUpdateCheck = 1140;
				LastUpgradeCheck = 1140;
				ORGANIZATIONNAME = VincentGeranium;
				TargetAttributes = {
					20E6D1E4245DB01900C375A3 = {
						CreatedOnToolsVersion = 11.4.1;
					};
				};
			};
			buildConfigurationList = 20E6D1E0245DB01900C375A3 /* Build configuration list for PBXProject "SkAPIweatherApp" */;
			compatibilityVersion = "Xcode 9.3";
			developmentRegion = en;
			hasScannedForEncodings = 0;
			knownRegions = (
				en,
				Base,
			);
			mainGroup = 20E6D1DC245DB01900C375A3;
			productRefGroup = 20E6D1E6245DB01900C375A3 /* Products */;
			projectDirPath = "";
			projectRoot = "";
			targets = (
				20E6D1E4245DB01900C375A3 /* SkAPIweatherApp */,
			);
		};
/* End PBXProject section */

/* Begin PBXResourcesBuildPhase section */
		20E6D1E3245DB01900C375A3 /* Resources */ = {
			isa = PBXResourcesBuildPhase;
			buildActionMask = 2147483647;
			files = (
				20E6D1F5245DB01A00C375A3 /* LaunchScreen.storyboard in Resources */,
				20E6D1F2245DB01A00C375A3 /* Assets.xcassets in Resources */,
				20E6D1F0245DB01900C375A3 /* Main.storyboard in Resources */,
			);
			runOnlyForDeploymentPostprocessing = 0;
		};
/* End PBXResourcesBuildPhase section */

/* Begin PBXSourcesBuildPhase section */
		20E6D1E1245DB01900C375A3 /* Sources */ = {
			isa = PBXSourcesBuildPhase;
			buildActionMask = 2147483647;
			files = (
				20B39BB92464442C008BB7D0 /* Forecast.swift in Sources */,
				2012231724618760009C888D /* ForecastTableViewCell.swift in Sources */,
				20B39BBB24644527008BB7D0 /* WeatherDataSource.swift in Sources */,
				208E3378245DB4690057DEA4 /* Common.swift in Sources */,
				20B39BB7246443C5008BB7D0 /* WeatherSummary.swift in Sources */,
				20D089F72466ACEF008776BA /* UIViewController+Alert.swift in Sources */,
				20E6D1ED245DB01900C375A3 /* ViewController.swift in Sources */,
				20E6D1E9245DB01900C375A3 /* AppDelegate.swift in Sources */,
				2012231524618744009C888D /* SummaryTableViewCell.swift in Sources */,
				20E6D1EB245DB01900C375A3 /* SceneDelegate.swift in Sources */,
			);
			runOnlyForDeploymentPostprocessing = 0;
		};
/* End PBXSourcesBuildPhase section */

/* Begin PBXVariantGroup section */
		20E6D1EE245DB01900C375A3 /* Main.storyboard */ = {
			isa = PBXVariantGroup;
			children = (
				20E6D1EF245DB01900C375A3 /* Base */,
			);
			name = Main.storyboard;
			sourceTree = "<group>";
		};
		20E6D1F3245DB01A00C375A3 /* LaunchScreen.storyboard */ = {
			isa = PBXVariantGroup;
			children = (
				20E6D1F4245DB01A00C375A3 /* Base */,
			);
			name = LaunchScreen.storyboard;
			sourceTree = "<group>";
		};
/* End PBXVariantGroup section */

/* Begin XCBuildConfiguration section */
		20E6D1F7245DB01A00C375A3 /* Debug */ = {
			isa = XCBuildConfiguration;
			buildSettings = {
				ALWAYS_SEARCH_USER_PATHS = NO;
				CLANG_ANALYZER_NONNULL = YES;
				CLANG_ANALYZER_NUMBER_OBJECT_CONVERSION = YES_AGGRESSIVE;
				CLANG_CXX_LANGUAGE_STANDARD = "gnu++14";
				CLANG_CXX_LIBRARY = "libc++";
				CLANG_ENABLE_MODULES = YES;
				CLANG_ENABLE_OBJC_ARC = YES;
				CLANG_ENABLE_OBJC_WEAK = YES;
				CLANG_WARN_BLOCK_CAPTURE_AUTORELEASING = YES;
				CLANG_WARN_BOOL_CONVERSION = YES;
				CLANG_WARN_COMMA = YES;
				CLANG_WARN_CONSTANT_CONVERSION = YES;
				CLANG_WARN_DEPRECATED_OBJC_IMPLEMENTATIONS = YES;
				CLANG_WARN_DIRECT_OBJC_ISA_USAGE = YES_ERROR;
				CLANG_WARN_DOCUMENTATION_COMMENTS = YES;
				CLANG_WARN_EMPTY_BODY = YES;
				CLANG_WARN_ENUM_CONVERSION = YES;
				CLANG_WARN_INFINITE_RECURSION = YES;
				CLANG_WARN_INT_CONVERSION = YES;
				CLANG_WARN_NON_LITERAL_NULL_CONVERSION = YES;
				CLANG_WARN_OBJC_IMPLICIT_RETAIN_SELF = YES;
				CLANG_WARN_OBJC_LITERAL_CONVERSION = YES;
				CLANG_WARN_OBJC_ROOT_CLASS = YES_ERROR;
				CLANG_WARN_RANGE_LOOP_ANALYSIS = YES;
				CLANG_WARN_STRICT_PROTOTYPES = YES;
				CLANG_WARN_SUSPICIOUS_MOVE = YES;
				CLANG_WARN_UNGUARDED_AVAILABILITY = YES_AGGRESSIVE;
				CLANG_WARN_UNREACHABLE_CODE = YES;
				CLANG_WARN__DUPLICATE_METHOD_MATCH = YES;
				COPY_PHASE_STRIP = NO;
				DEBUG_INFORMATION_FORMAT = dwarf;
				ENABLE_STRICT_OBJC_MSGSEND = YES;
				ENABLE_TESTABILITY = YES;
				GCC_C_LANGUAGE_STANDARD = gnu11;
				GCC_DYNAMIC_NO_PIC = NO;
				GCC_NO_COMMON_BLOCKS = YES;
				GCC_OPTIMIZATION_LEVEL = 0;
				GCC_PREPROCESSOR_DEFINITIONS = (
					"DEBUG=1",
					"$(inherited)",
				);
				GCC_WARN_64_TO_32_BIT_CONVERSION = YES;
				GCC_WARN_ABOUT_RETURN_TYPE = YES_ERROR;
				GCC_WARN_UNDECLARED_SELECTOR = YES;
				GCC_WARN_UNINITIALIZED_AUTOS = YES_AGGRESSIVE;
				GCC_WARN_UNUSED_FUNCTION = YES;
				GCC_WARN_UNUSED_VARIABLE = YES;
				IPHONEOS_DEPLOYMENT_TARGET = 13.4;
				MTL_ENABLE_DEBUG_INFO = INCLUDE_SOURCE;
				MTL_FAST_MATH = YES;
				ONLY_ACTIVE_ARCH = YES;
				SDKROOT = iphoneos;
				SWIFT_ACTIVE_COMPILATION_CONDITIONS = DEBUG;
				SWIFT_OPTIMIZATION_LEVEL = "-Onone";
			};
			name = Debug;
		};
		20E6D1F8245DB01A00C375A3 /* Release */ = {
			isa = XCBuildConfiguration;
			buildSettings = {
				ALWAYS_SEARCH_USER_PATHS = NO;
				CLANG_ANALYZER_NONNULL = YES;
				CLANG_ANALYZER_NUMBER_OBJECT_CONVERSION = YES_AGGRESSIVE;
				CLANG_CXX_LANGUAGE_STANDARD = "gnu++14";
				CLANG_CXX_LIBRARY = "libc++";
				CLANG_ENABLE_MODULES = YES;
				CLANG_ENABLE_OBJC_ARC = YES;
				CLANG_ENABLE_OBJC_WEAK = YES;
				CLANG_WARN_BLOCK_CAPTURE_AUTORELEASING = YES;
				CLANG_WARN_BOOL_CONVERSION = YES;
				CLANG_WARN_COMMA = YES;
				CLANG_WARN_CONSTANT_CONVERSION = YES;
				CLANG_WARN_DEPRECATED_OBJC_IMPLEMENTATIONS = YES;
				CLANG_WARN_DIRECT_OBJC_ISA_USAGE = YES_ERROR;
				CLANG_WARN_DOCUMENTATION_COMMENTS = YES;
				CLANG_WARN_EMPTY_BODY = YES;
				CLANG_WARN_ENUM_CONVERSION = YES;
				CLANG_WARN_INFINITE_RECURSION = YES;
				CLANG_WARN_INT_CONVERSION = YES;
				CLANG_WARN_NON_LITERAL_NULL_CONVERSION = YES;
				CLANG_WARN_OBJC_IMPLICIT_RETAIN_SELF = YES;
				CLANG_WARN_OBJC_LITERAL_CONVERSION = YES;
				CLANG_WARN_OBJC_ROOT_CLASS = YES_ERROR;
				CLANG_WARN_RANGE_LOOP_ANALYSIS = YES;
				CLANG_WARN_STRICT_PROTOTYPES = YES;
				CLANG_WARN_SUSPICIOUS_MOVE = YES;
				CLANG_WARN_UNGUARDED_AVAILABILITY = YES_AGGRESSIVE;
				CLANG_WARN_UNREACHABLE_CODE = YES;
				CLANG_WARN__DUPLICATE_METHOD_MATCH = YES;
				COPY_PHASE_STRIP = NO;
				DEBUG_INFORMATION_FORMAT = "dwarf-with-dsym";
				ENABLE_NS_ASSERTIONS = NO;
				ENABLE_STRICT_OBJC_MSGSEND = YES;
				GCC_C_LANGUAGE_STANDARD = gnu11;
				GCC_NO_COMMON_BLOCKS = YES;
				GCC_WARN_64_TO_32_BIT_CONVERSION = YES;
				GCC_WARN_ABOUT_RETURN_TYPE = YES_ERROR;
				GCC_WARN_UNDECLARED_SELECTOR = YES;
				GCC_WARN_UNINITIALIZED_AUTOS = YES_AGGRESSIVE;
				GCC_WARN_UNUSED_FUNCTION = YES;
				GCC_WARN_UNUSED_VARIABLE = YES;
				IPHONEOS_DEPLOYMENT_TARGET = 13.4;
				MTL_ENABLE_DEBUG_INFO = NO;
				MTL_FAST_MATH = YES;
				SDKROOT = iphoneos;
				SWIFT_COMPILATION_MODE = wholemodule;
				SWIFT_OPTIMIZATION_LEVEL = "-O";
				VALIDATE_PRODUCT = YES;
			};
			name = Release;
		};
		20E6D1FA245DB01A00C375A3 /* Debug */ = {
			isa = XCBuildConfiguration;
			buildSettings = {
				ASSETCATALOG_COMPILER_APPICON_NAME = AppIcon;
				CODE_SIGN_STYLE = Automatic;
				DEVELOPMENT_TEAM = 64WAG22Y2J;
				INFOPLIST_FILE = SkAPIweatherApp/Info.plist;
				IPHONEOS_DEPLOYMENT_TARGET = 10.0;
				LD_RUNPATH_SEARCH_PATHS = (
					"$(inherited)",
					"@executable_path/Frameworks",
				);
				PRODUCT_BUNDLE_IDENTIFIER = com.VincentGeranium.SkAPIweatherApp;
				PRODUCT_NAME = "$(TARGET_NAME)";
				SWIFT_VERSION = 5.0;
				TARGETED_DEVICE_FAMILY = "1,2";
			};
			name = Debug;
		};
		20E6D1FB245DB01A00C375A3 /* Release */ = {
			isa = XCBuildConfiguration;
			buildSettings = {
				ASSETCATALOG_COMPILER_APPICON_NAME = AppIcon;
				CODE_SIGN_STYLE = Automatic;
				DEVELOPMENT_TEAM = 64WAG22Y2J;
				INFOPLIST_FILE = SkAPIweatherApp/Info.plist;
				IPHONEOS_DEPLOYMENT_TARGET = 10.0;
				LD_RUNPATH_SEARCH_PATHS = (
					"$(inherited)",
					"@executable_path/Frameworks",
				);
				PRODUCT_BUNDLE_IDENTIFIER = com.VincentGeranium.SkAPIweatherApp;
				PRODUCT_NAME = "$(TARGET_NAME)";
				SWIFT_VERSION = 5.0;
				TARGETED_DEVICE_FAMILY = "1,2";
			};
			name = Release;
		};
/* End XCBuildConfiguration section */

/* Begin XCConfigurationList section */
		20E6D1E0245DB01900C375A3 /* Build configuration list for PBXProject "SkAPIweatherApp" */ = {
			isa = XCConfigurationList;
			buildConfigurations = (
				20E6D1F7245DB01A00C375A3 /* Debug */,
				20E6D1F8245DB01A00C375A3 /* Release */,
			);
			defaultConfigurationIsVisible = 0;
			defaultConfigurationName = Release;
		};
		20E6D1F9245DB01A00C375A3 /* Build configuration list for PBXNativeTarget "SkAPIweatherApp" */ = {
			isa = XCConfigurationList;
			buildConfigurations = (
				20E6D1FA245DB01A00C375A3 /* Debug */,
				20E6D1FB245DB01A00C375A3 /* Release */,
			);
			defaultConfigurationIsVisible = 0;
			defaultConfigurationName = Release;
		};
/* End XCConfigurationList section */
	};
	rootObject = 20E6D1DD245DB01900C375A3 /* Project object */;
}
